
Microsoft Visual Studio Solution File, Format Version 12.00
# Visual Studio Version 16
VisualStudioVersion = 16.0.30114.105
MinimumVisualStudioVersion = 10.0.40219.1
Project("{2150E333-8FDC-42A3-9474-1A3956D46DE8}") = "src", "src", "{DEAF7F92-411E-4FE7-823B-C4F5DB41BBF8}"
EndProject
Project("{2150E333-8FDC-42A3-9474-1A3956D46DE8}") = "tests", "tests", "{5527D965-E863-4E48-8EC1-713E276D1BBD}"
EndProject
Project("{FAE04EC0-301F-11D3-BF4B-00C04F79EFBC}") = "ProjectTestsLib", "src\ProjectTestsLib\ProjectTestsLib.csproj", "{8DC10D90-AF43-4017-BC01-01DEEEDD8564}"
EndProject
Project("{FAE04EC0-301F-11D3-BF4B-00C04F79EFBC}") = "ServerlessAPI", "src\ServerlessAPI\ServerlessAPI.csproj", "{0227C968-9356-44B2-95BC-BD5674D9EE25}"
EndProject
Global
	GlobalSection(SolutionConfigurationPlatforms) = preSolution
		Debug|Any CPU = Debug|Any CPU
		Release|Any CPU = Release|Any CPU
	EndGlobalSection
	GlobalSection(SolutionProperties) = preSolution
		HideSolutionNode = FALSE
	EndGlobalSection
	GlobalSection(ProjectConfigurationPlatforms) = postSolution
		{8DC10D90-AF43-4017-BC01-01DEEEDD8564}.Debug|Any CPU.ActiveCfg = Debug|Any CPU
		{8DC10D90-AF43-4017-BC01-01DEEEDD8564}.Debug|Any CPU.Build.0 = Debug|Any CPU
		{8DC10D90-AF43-4017-BC01-01DEEEDD8564}.Release|Any CPU.ActiveCfg = Release|Any CPU
		{8DC10D90-AF43-4017-BC01-01DEEEDD8564}.Release|Any CPU.Build.0 = Release|Any CPU
		{0227C968-9356-44B2-95BC-BD5674D9EE25}.Debug|Any CPU.ActiveCfg = Debug|Any CPU
		{0227C968-9356-44B2-95BC-BD5674D9EE25}.Debug|Any CPU.Build.0 = Debug|Any CPU
		{0227C968-9356-44B2-95BC-BD5674D9EE25}.Release|Any CPU.ActiveCfg = Release|Any CPU
		{0227C968-9356-44B2-95BC-BD5674D9EE25}.Release|Any CPU.Build.0 = Release|Any CPU
	EndGlobalSection
	GlobalSection(NestedProjects) = preSolution
		{8DC10D90-AF43-4017-BC01-01DEEEDD8564} = {DEAF7F92-411E-4FE7-823B-C4F5DB41BBF8}
		{0227C968-9356-44B2-95BC-BD5674D9EE25} = {DEAF7F92-411E-4FE7-823B-C4F5DB41BBF8}
	EndGlobalSection
EndGlobal
